
Microsoft Visual Studio Solution File, Format Version 12.00
# Visual Studio 2015
Project("{FAE04EC0-301F-11D3-BF4B-00C04F79EFBC}") = "FlatBreakout.CSharp", "FlatBreakout.CSharp.csproj", "{B44AFA97-4F21-B00F-C355-02BB18A63CDE}"
EndProject
Global
	GlobalSection(SolutionConfigurationPlatforms) = preSolution
		Debug|Any CPU = Debug|Any CPU
		Release|Any CPU = Release|Any CPU
	EndGlobalSection
	GlobalSection(ProjectConfigurationPlatforms) = postSolution
		{B44AFA97-4F21-B00F-C355-02BB18A63CDE}.Debug|Any CPU.ActiveCfg = Debug|Any CPU
		{B44AFA97-4F21-B00F-C355-02BB18A63CDE}.Debug|Any CPU.Build.0 = Debug|Any CPU
		{B44AFA97-4F21-B00F-C355-02BB18A63CDE}.Release|Any CPU.ActiveCfg = Release|Any CPU
		{B44AFA97-4F21-B00F-C355-02BB18A63CDE}.Release|Any CPU.Build.0 = Release|Any CPU
	EndGlobalSection
	GlobalSection(SolutionProperties) = preSolution
		HideSolutionNode = FALSE
	EndGlobalSection
EndGlobal
